
Microsoft Visual Studio Solution File, Format Version 12.00
# Visual Studio Version 17
VisualStudioVersion = 17.1.32421.90
MinimumVisualStudioVersion = 10.0.40219.1
Project("{9A19103F-16F7-4668-BE54-9A1E7A4F7556}") = "MoqQuickMockCtor.Vsix", "Source\MoqQuickMockCtor.Vsix\MoqQuickMockCtor.Vsix.csproj", "{016215B0-EE22-44FD-8CF2-9ABEF23CF73E}"
EndProject
Project("{9A19103F-16F7-4668-BE54-9A1E7A4F7556}") = "MoqQuickMockCtor", "Source\MoqQuickMockCtor\MoqQuickMockCtor.csproj", "{1D9462AB-9684-487B-8FB7-4FBBC6BB5C7F}"
EndProject
Global
	GlobalSection(SolutionConfigurationPlatforms) = preSolution
		Debug|Any CPU = Debug|Any CPU
		Release|Any CPU = Release|Any CPU
	EndGlobalSection
	GlobalSection(ProjectConfigurationPlatforms) = postSolution
		{016215B0-EE22-44FD-8CF2-9ABEF23CF73E}.Debug|Any CPU.ActiveCfg = Debug|Any CPU
		{016215B0-EE22-44FD-8CF2-9ABEF23CF73E}.Debug|Any CPU.Build.0 = Debug|Any CPU
		{016215B0-EE22-44FD-8CF2-9ABEF23CF73E}.Release|Any CPU.ActiveCfg = Release|Any CPU
		{016215B0-EE22-44FD-8CF2-9ABEF23CF73E}.Release|Any CPU.Build.0 = Release|Any CPU
		{1D9462AB-9684-487B-8FB7-4FBBC6BB5C7F}.Debug|Any CPU.ActiveCfg = Debug|Any CPU
		{1D9462AB-9684-487B-8FB7-4FBBC6BB5C7F}.Debug|Any CPU.Build.0 = Debug|Any CPU
		{1D9462AB-9684-487B-8FB7-4FBBC6BB5C7F}.Release|Any CPU.ActiveCfg = Release|Any CPU
		{1D9462AB-9684-487B-8FB7-4FBBC6BB5C7F}.Release|Any CPU.Build.0 = Release|Any CPU
	EndGlobalSection
	GlobalSection(SolutionProperties) = preSolution
		HideSolutionNode = FALSE
	EndGlobalSection
	GlobalSection(ExtensibilityGlobals) = postSolution
		SolutionGuid = {0DBB26E9-E9A9-4B9E-B20E-D1F97C61A6AD}
	EndGlobalSection
EndGlobal
