
Microsoft Visual Studio Solution File, Format Version 12.00
# Visual Studio Version 17
VisualStudioVersion = 17.2.32526.322
MinimumVisualStudioVersion = 10.0.40219.1
Project("{FAE04EC0-301F-11D3-BF4B-00C04F79EFBC}") = "DemoProject", "DemoProject\DemoProject.csproj", "{9A29EF34-EFEE-4803-876E-818FF9E6DDE0}"
EndProject
Project("{FAE04EC0-301F-11D3-BF4B-00C04F79EFBC}") = "DemoProjectUnitTests", "DemoProjectUnitTests\DemoProjectUnitTests.csproj", "{C7537D53-6AE1-4B40-8A12-890DFD4829C4}"
EndProject
Global
	GlobalSection(SolutionConfigurationPlatforms) = preSolution
		Debug|Any CPU = Debug|Any CPU
		Release|Any CPU = Release|Any CPU
	EndGlobalSection
	GlobalSection(ProjectConfigurationPlatforms) = postSolution
		{9A29EF34-EFEE-4803-876E-818FF9E6DDE0}.Debug|Any CPU.ActiveCfg = Debug|Any CPU
		{9A29EF34-EFEE-4803-876E-818FF9E6DDE0}.Debug|Any CPU.Build.0 = Debug|Any CPU
		{9A29EF34-EFEE-4803-876E-818FF9E6DDE0}.Release|Any CPU.ActiveCfg = Release|Any CPU
		{9A29EF34-EFEE-4803-876E-818FF9E6DDE0}.Release|Any CPU.Build.0 = Release|Any CPU
		{C7537D53-6AE1-4B40-8A12-890DFD4829C4}.Debug|Any CPU.ActiveCfg = Debug|Any CPU
		{C7537D53-6AE1-4B40-8A12-890DFD4829C4}.Debug|Any CPU.Build.0 = Debug|Any CPU
		{C7537D53-6AE1-4B40-8A12-890DFD4829C4}.Release|Any CPU.ActiveCfg = Release|Any CPU
		{C7537D53-6AE1-4B40-8A12-890DFD4829C4}.Release|Any CPU.Build.0 = Release|Any CPU
	EndGlobalSection
	GlobalSection(SolutionProperties) = preSolution
		HideSolutionNode = FALSE
	EndGlobalSection
	GlobalSection(ExtensibilityGlobals) = postSolution
		SolutionGuid = {76FD6D8C-C6B7-42CB-8DFD-8EDEB0F1570B}
	EndGlobalSection
EndGlobal
